
Microsoft Visual Studio Solution File, Format Version 12.00
# Visual Studio 2015
Project("{FAE04EC0-301F-11D3-BF4B-00C04F79EFBC}") = "aa Replica", "aa Replica.csproj", "{C902B060-5C62-E19A-1DA4-B0C62A326A7F}"
EndProject
Global
	GlobalSection(SolutionConfigurationPlatforms) = preSolution
		Debug|Any CPU = Debug|Any CPU
		Release|Any CPU = Release|Any CPU
	EndGlobalSection
	GlobalSection(ProjectConfigurationPlatforms) = postSolution
		{C902B060-5C62-E19A-1DA4-B0C62A326A7F}.Debug|Any CPU.ActiveCfg = Debug|Any CPU
		{C902B060-5C62-E19A-1DA4-B0C62A326A7F}.Debug|Any CPU.Build.0 = Debug|Any CPU
		{C902B060-5C62-E19A-1DA4-B0C62A326A7F}.Release|Any CPU.ActiveCfg = Release|Any CPU
		{C902B060-5C62-E19A-1DA4-B0C62A326A7F}.Release|Any CPU.Build.0 = Release|Any CPU
	EndGlobalSection
	GlobalSection(SolutionProperties) = preSolution
		HideSolutionNode = FALSE
	EndGlobalSection
EndGlobal
